
Microsoft Visual Studio Solution File, Format Version 12.00
# Visual Studio Version 16
VisualStudioVersion = 16.0.30002.166
MinimumVisualStudioVersion = 10.0.40219.1
Project("{FAE04EC0-301F-11D3-BF4B-00C04F79EFBC}") = "ProducvitityTools.NetworkUtilities", "ProducvitityTools.NetworkUtilities\ProducvitityTools.NetworkUtilities.csproj", "{09859D17-9633-4F96-B2F6-64EA2331B611}"
EndProject
Project("{FAE04EC0-301F-11D3-BF4B-00C04F79EFBC}") = "ProducvitityTools.NetworkUtilities.Tests", "ProducvitityTools.NetworkUtilities.Tests\ProducvitityTools.NetworkUtilities.Tests.csproj", "{F4A17448-5F53-475B-919A-1590788487EA}"
EndProject
Global
	GlobalSection(SolutionConfigurationPlatforms) = preSolution
		Debug|Any CPU = Debug|Any CPU
		Release|Any CPU = Release|Any CPU
	EndGlobalSection
	GlobalSection(ProjectConfigurationPlatforms) = postSolution
		{09859D17-9633-4F96-B2F6-64EA2331B611}.Debug|Any CPU.ActiveCfg = Debug|Any CPU
		{09859D17-9633-4F96-B2F6-64EA2331B611}.Debug|Any CPU.Build.0 = Debug|Any CPU
		{09859D17-9633-4F96-B2F6-64EA2331B611}.Release|Any CPU.ActiveCfg = Release|Any CPU
		{09859D17-9633-4F96-B2F6-64EA2331B611}.Release|Any CPU.Build.0 = Release|Any CPU
		{F4A17448-5F53-475B-919A-1590788487EA}.Debug|Any CPU.ActiveCfg = Debug|Any CPU
		{F4A17448-5F53-475B-919A-1590788487EA}.Debug|Any CPU.Build.0 = Debug|Any CPU
		{F4A17448-5F53-475B-919A-1590788487EA}.Release|Any CPU.ActiveCfg = Release|Any CPU
		{F4A17448-5F53-475B-919A-1590788487EA}.Release|Any CPU.Build.0 = Release|Any CPU
	EndGlobalSection
	GlobalSection(SolutionProperties) = preSolution
		HideSolutionNode = FALSE
	EndGlobalSection
	GlobalSection(ExtensibilityGlobals) = postSolution
		SolutionGuid = {420C4252-5D32-4061-A0F5-C9BEF68FE9F6}
	EndGlobalSection
EndGlobal
